<?xml version="1.0" encoding="utf-8"?>
<Project ToolsVersion="4.0" xmlns="http://schemas.microsoft.com/developer/msbuild/2003">
  <ItemGroup>
    <Filter Include="Source Files">
      <UniqueIdentifier>{4FC737F1-C7A5-4376-A066-2A32D752A2FF}</UniqueIdentifier>
      <Extensions>cpp;c;cc;cxx;def;odl;idl;hpj;bat;asm;asmx</Extensions>
    </Filter>
    <Filter Include="share">
      <UniqueIdentifier>{bc94032f-fa10-4801-aea8-bcf502a902a6}</UniqueIdentifier>
    </Filter>
    <Filter Include="engine">
      <UniqueIdentifier>{2bcfe8ad-1c63-4b86-a06f-414fed2e7bba}</UniqueIdentifier>
    </Filter>
    <Filter Include="share\tinyxml">
      <UniqueIdentifier>{2f539bc7-f178-40f1-beb6-057aad7e000a}</UniqueIdentifier>
    </Filter>
    <Filter Include="app">
      <UniqueIdentifier>{88c19bcd-c8e9-4655-a6fd-0fe95f2f0cb0}</UniqueIdentifier>
    </Filter>
  </ItemGroup>
  <ItemGroup>
    <ClCompile Include="..\..\share\tinyxml\tinystr.cpp">
      <Filter>share\tinyxml</Filter>
    </ClCompile>
    <ClCompile Include="..\..\share\tinyxml\tinyxml.cpp">
      <Filter>share\tinyxml</Filter>
    </ClCompile>
    <ClCompile Include="..\..\share\tinyxml\tinyxmlerror.cpp">
      <Filter>share\tinyxml</Filter>
    </ClCompile>
    <ClCompile Include="..\..\share\tinyxml\tinyxmlparser.cpp">
      <Filter>share\tinyxml</Filter>
    </ClCompile>
    <ClCompile Include="..\..\share\tinyxml\md5.cpp">
      <Filter>share\tinyxml</Filter>
    </ClCompile>
    <ClCompile Include="..\..\share\ShareFunction.cpp">
      <Filter>share</Filter>
    </ClCompile>
    <ClCompile Include="AppGlobal.cpp">
      <Filter>app</Filter>
    </ClCompile>
    <ClCompile Include="AppManager.cpp">
      <Filter>app</Filter>
    </ClCompile>
    <ClCompile Include="..\..\engine\INetBase.cpp">
      <Filter>engine</Filter>
    </ClCompile>
    <ClCompile Include="..\..\engine\IOPool.cpp">
      <Filter>engine</Filter>
    </ClCompile>
    <ClCompile Include="..\..\engine\TCPClient.cpp">
      <Filter>engine</Filter>
    </ClCompile>
    <ClCompile Include="..\..\engine\TCPClient_Func.cpp">
      <Filter>engine</Filter>
    </ClCompile>
    <ClCompile Include="..\..\engine\TCPClient_Thread.cpp">
      <Filter>engine</Filter>
    </ClCompile>
    <ClCompile Include="..\..\engine\TCPServer.cpp">
      <Filter>engine</Filter>
    </ClCompile>
    <ClCompile Include="..\..\engine\TCPServer_Func.cpp">
      <Filter>engine</Filter>
    </ClCompile>
    <ClCompile Include="..\..\engine\TCPServer_Thread.cpp">
      <Filter>engine</Filter>
    </ClCompile>
    <ClCompile Include="AppLogin.cpp">
      <Filter>app</Filter>
    </ClCompile>
    <ClCompile Include="UserManager.cpp">
      <Filter>app</Filter>
    </ClCompile>
    <ClCompile Include="CenterServer.cpp">
      <Filter>Source Files</Filter>
    </ClCompile>
    <ClCompile Include="AppSelectRole.cpp">
      <Filter>app</Filter>
    </ClCompile>
    <ClCompile Include="AppGate.cpp">
      <Filter>app</Filter>
    </ClCompile>
    <ClCompile Include="WorldBC.cpp">
      <Filter>app</Filter>
    </ClCompile>
    <ClCompile Include="AppTeam.cpp">
      <Filter>app</Filter>
    </ClCompile>
    <ClCompile Include="AppTeam_Copy.cpp">
      <Filter>app</Filter>
    </ClCompile>
    <ClCompile Include="AppTeam_Public.cpp">
      <Filter>app</Filter>
    </ClCompile>
    <ClCompile Include="WorldScript.cpp">
      <Filter>app</Filter>
    </ClCompile>
    <ClCompile Include="AppChat.cpp">
      <Filter>app</Filter>
    </ClCompile>
    <ClCompile Include="AppEnterWorld.cpp">
      <Filter>app</Filter>
    </ClCompile>
  </ItemGroup>
  <ItemGroup>
    <ClInclude Include="..\..\share\tinyxml\tinystr.h">
      <Filter>share\tinyxml</Filter>
    </ClInclude>
    <ClInclude Include="..\..\share\tinyxml\tinyxml.h">
      <Filter>share\tinyxml</Filter>
    </ClInclude>
    <ClInclude Include="..\..\share\tinyxml\md5.h">
      <Filter>share\tinyxml</Filter>
    </ClInclude>
    <ClInclude Include="..\..\share\ShareFunction.h">
      <Filter>share</Filter>
    </ClInclude>
    <ClInclude Include="AppGlobal.h">
      <Filter>app</Filter>
    </ClInclude>
    <ClInclude Include="AppManager.h">
      <Filter>app</Filter>
    </ClInclude>
    <ClInclude Include="..\..\engine\IContainer.h">
      <Filter>engine</Filter>
    </ClInclude>
    <ClInclude Include="..\..\engine\IDefine.h">
      <Filter>engine</Filter>
    </ClInclude>
    <ClInclude Include="..\..\engine\INetBase.h">
      <Filter>engine</Filter>
    </ClInclude>
    <ClInclude Include="..\..\engine\IOPool.h">
      <Filter>engine</Filter>
    </ClInclude>
    <ClInclude Include="..\..\engine\TCPClient.h">
      <Filter>engine</Filter>
    </ClInclude>
    <ClInclude Include="..\..\engine\TCPServer.h">
      <Filter>engine</Filter>
    </ClInclude>
    <ClInclude Include="AppLogin.h">
      <Filter>app</Filter>
    </ClInclude>
    <ClInclude Include="UserManager.h">
      <Filter>app</Filter>
    </ClInclude>
    <ClInclude Include="..\..\share\CommandData.h">
      <Filter>share</Filter>
    </ClInclude>
    <ClInclude Include="..\..\share\UserData.h">
      <Filter>share</Filter>
    </ClInclude>
    <ClInclude Include="WorldData.h">
      <Filter>app</Filter>
    </ClInclude>
    <ClInclude Include="AppSelectRole.h">
      <Filter>app</Filter>
    </ClInclude>
    <ClInclude Include="AppGate.h">
      <Filter>app</Filter>
    </ClInclude>
    <ClInclude Include="..\..\share\CommandData2.h">
      <Filter>share</Filter>
    </ClInclude>
    <ClInclude Include="WorldBC.h">
      <Filter>app</Filter>
    </ClInclude>
    <ClInclude Include="AppTeam.h">
      <Filter>app</Filter>
    </ClInclude>
    <ClInclude Include="WorldScript.h">
      <Filter>app</Filter>
    </ClInclude>
    <ClInclude Include="AppChat.h">
      <Filter>app</Filter>
    </ClInclude>
    <ClInclude Include="AppEnterWorld.h">
      <Filter>app</Filter>
    </ClInclude>
  </ItemGroup>
  <ItemGroup>
    <Xml Include="..\exe\config_client.xml" />
    <Xml Include="..\exe\config_server.xml" />
    <Xml Include="..\..\share\config_gameserver.xml">
      <Filter>share</Filter>
    </Xml>
  </ItemGroup>
</Project>